{
  "requires": true,
  "lockfileVersion": 1,
  "dependencies": {
    "mdbootstrap": {
      "version": "4.7.3",
      "resolved": "https://registry.npmjs.org/mdbootstrap/-/mdbootstrap-4.7.3.tgz",
      "integrity": "sha512-Vnh1IZBywNcnGuvSCpcX20fEG6jMFuwmM8NePan3pndDQMGvi12Nl2HjvF70dGdLICc4exOEs6rQ2ThGY3dcyQ=="
    }
  }
}
